
Microsoft Visual Studio Solution File, Format Version 12.00
# Visual Studio Version 17
VisualStudioVersion = 17.4.33205.214
MinimumVisualStudioVersion = 10.0.40219.1
Project("{FAE04EC0-301F-11D3-BF4B-00C04F79EFBC}") = "pulsa", "pulsa\pulsa.csproj", "{FCA614B4-7E59-4FBF-9B8F-C9A1F84F2080}"
EndProject
Project("{FAE04EC0-301F-11D3-BF4B-00C04F79EFBC}") = "Pulsa.Domain", "Pulsa.Data\Pulsa.Domain.csproj", "{F6538C82-29C7-47F0-AD28-30A58830C5F3}"
EndProject
Project("{FAE04EC0-301F-11D3-BF4B-00C04F79EFBC}") = "Pulsa.ViewModel", "pulsa.ViewModel\Pulsa.ViewModel.csproj", "{0408E4F4-B768-4912-AF84-7FFB6EEA26EB}"
EndProject
Global
	GlobalSection(SolutionConfigurationPlatforms) = preSolution
		Debug|Any CPU = Debug|Any CPU
		Release|Any CPU = Release|Any CPU
	EndGlobalSection
	GlobalSection(ProjectConfigurationPlatforms) = postSolution
		{FCA614B4-7E59-4FBF-9B8F-C9A1F84F2080}.Debug|Any CPU.ActiveCfg = Debug|Any CPU
		{FCA614B4-7E59-4FBF-9B8F-C9A1F84F2080}.Debug|Any CPU.Build.0 = Debug|Any CPU
		{FCA614B4-7E59-4FBF-9B8F-C9A1F84F2080}.Release|Any CPU.ActiveCfg = Release|Any CPU
		{FCA614B4-7E59-4FBF-9B8F-C9A1F84F2080}.Release|Any CPU.Build.0 = Release|Any CPU
		{F6538C82-29C7-47F0-AD28-30A58830C5F3}.Debug|Any CPU.ActiveCfg = Debug|Any CPU
		{F6538C82-29C7-47F0-AD28-30A58830C5F3}.Debug|Any CPU.Build.0 = Debug|Any CPU
		{F6538C82-29C7-47F0-AD28-30A58830C5F3}.Release|Any CPU.ActiveCfg = Release|Any CPU
		{F6538C82-29C7-47F0-AD28-30A58830C5F3}.Release|Any CPU.Build.0 = Release|Any CPU
		{0408E4F4-B768-4912-AF84-7FFB6EEA26EB}.Debug|Any CPU.ActiveCfg = Debug|Any CPU
		{0408E4F4-B768-4912-AF84-7FFB6EEA26EB}.Debug|Any CPU.Build.0 = Debug|Any CPU
		{0408E4F4-B768-4912-AF84-7FFB6EEA26EB}.Release|Any CPU.ActiveCfg = Release|Any CPU
		{0408E4F4-B768-4912-AF84-7FFB6EEA26EB}.Release|Any CPU.Build.0 = Release|Any CPU
	EndGlobalSection
	GlobalSection(SolutionProperties) = preSolution
		HideSolutionNode = FALSE
	EndGlobalSection
	GlobalSection(ExtensibilityGlobals) = postSolution
		SolutionGuid = {AFBFEF0E-71EB-4793-9960-6F827F9A515A}
	EndGlobalSection
EndGlobal
